{
    "_readme": [
        "This file locks the dependencies of your project to a known state",
        "Read more about it at https://getcomposer.org/doc/01-basic-usage.md#composer-lock-the-lock-file",
        "This file is @generated automatically"
    ],
    "content-hash": "d2f510c9b696d0d030928b4ddf451fa8",
    "packages": [
        {
            "name": "thedmsgrp/zipgeo",
            "version": "dev-master",
            "source": {
                "type": "git",
                "url": "https://github.com/TheDMSGroup/zipgeo",
                "reference": "5d7919ab42eb8f6d4eccf8324b3a082a4e60d921"
            },
            "require-dev": {
                "phpunit/phpunit": "4.8"
            },
            "type": "library",
            "autoload": {
                "psr-0": {
                    "TheDMSGrp\\ZipGeo\\": "src/"
                }
            },
            "license": [
                "MIT"
            ],
            "authors": [
                {
                    "name": "Jean Paul Ruiz",
                    "email": "jruiz@thedmsgrp.com"
                }
            ],
            "description": "This is a DMS group public repo to convert zip code into geographical locations",
            "time": "2017-03-16 21:37:07"
        }
    ],
    "packages-dev": [],
    "aliases": [],
    "minimum-stability": "stable",
    "stability-flags": {
        "thedmsgrp/zipgeo": 20
    },
    "prefer-stable": false,
    "prefer-lowest": false,
    "platform": [],
    "platform-dev": []
}
